# generated by rye
# use `rye lock` or `rye sync` to update this lockfile
#
# last locked with the following flags:
#   pre: false
#   features: []
#   all-features: false
#   with-sources: false
#   generate-hashes: false
#   universal: false

-e file:.
asgiref==3.8.1
    # via django
    # via django-htmx
black==24.10.0
    # via asos
click==8.1.7
    # via black
django==4.2.16
    # via asos
    # via django-htmx
    # via django-model-utils
django-htmx==1.21.0
    # via asos
django-model-utils==5.0.0
    # via asos
mypy-extensions==1.0.0
    # via black
packaging==24.2
    # via black
pathspec==0.12.1
    # via black
platformdirs==4.3.6
    # via black
psycopg==3.2.3
    # via asos
psycopg-binary==3.2.3
    # via psycopg
psycopg-pool==3.2.4
    # via psycopg
sqlparse==0.5.2
    # via django
typing-extensions==4.12.2
    # via psycopg
    # via psycopg-pool
